
Microsoft Visual Studio Solution File, Format Version 12.00
# Visual Studio Version 17
VisualStudioVersion = 17.9.34723.18
MinimumVisualStudioVersion = 10.0.40219.1
Project("{9A19103F-16F7-4668-BE54-9A1E7A4F7556}") = "JsoncParser.Demo", "JsoncParser.Demo\JsoncParser.Demo.csproj", "{86E3BA3D-96FD-44B0-9156-F43277D2F4C4}"
EndProject
Project("{9A19103F-16F7-4668-BE54-9A1E7A4F7556}") = "JsoncParser", "JsoncParser\JsoncParser.csproj", "{16C41C2D-5C65-416C-B205-5DAB0014B705}"
EndProject
Project("{9A19103F-16F7-4668-BE54-9A1E7A4F7556}") = "JsoncParser.XUnit", "JsoncParser.XUnit\JsoncParser.XUnit.csproj", "{BD440E1F-AB7C-434B-9B0B-577CBAAAB306}"
EndProject
Global
	GlobalSection(SolutionConfigurationPlatforms) = preSolution
		Debug|Any CPU = Debug|Any CPU
		Release|Any CPU = Release|Any CPU
	EndGlobalSection
	GlobalSection(ProjectConfigurationPlatforms) = postSolution
		{86E3BA3D-96FD-44B0-9156-F43277D2F4C4}.Debug|Any CPU.ActiveCfg = Debug|Any CPU
		{86E3BA3D-96FD-44B0-9156-F43277D2F4C4}.Debug|Any CPU.Build.0 = Debug|Any CPU
		{86E3BA3D-96FD-44B0-9156-F43277D2F4C4}.Release|Any CPU.ActiveCfg = Release|Any CPU
		{86E3BA3D-96FD-44B0-9156-F43277D2F4C4}.Release|Any CPU.Build.0 = Release|Any CPU
		{16C41C2D-5C65-416C-B205-5DAB0014B705}.Debug|Any CPU.ActiveCfg = Debug|Any CPU
		{16C41C2D-5C65-416C-B205-5DAB0014B705}.Debug|Any CPU.Build.0 = Debug|Any CPU
		{16C41C2D-5C65-416C-B205-5DAB0014B705}.Release|Any CPU.ActiveCfg = Release|Any CPU
		{16C41C2D-5C65-416C-B205-5DAB0014B705}.Release|Any CPU.Build.0 = Release|Any CPU
		{BD440E1F-AB7C-434B-9B0B-577CBAAAB306}.Debug|Any CPU.ActiveCfg = Debug|Any CPU
		{BD440E1F-AB7C-434B-9B0B-577CBAAAB306}.Debug|Any CPU.Build.0 = Debug|Any CPU
		{BD440E1F-AB7C-434B-9B0B-577CBAAAB306}.Release|Any CPU.ActiveCfg = Release|Any CPU
		{BD440E1F-AB7C-434B-9B0B-577CBAAAB306}.Release|Any CPU.Build.0 = Release|Any CPU
	EndGlobalSection
	GlobalSection(SolutionProperties) = preSolution
		HideSolutionNode = FALSE
	EndGlobalSection
	GlobalSection(ExtensibilityGlobals) = postSolution
		SolutionGuid = {29A9349A-72BE-4E6F-BAC3-DE8ADE171CE2}
	EndGlobalSection
EndGlobal
